
Microsoft Visual Studio Solution File, Format Version 12.00
# Visual Studio 14
VisualStudioVersion = 14.0.25420.1
MinimumVisualStudioVersion = 10.0.40219.1
Project("{FAE04EC0-301F-11D3-BF4B-00C04F79EFBC}") = "WeatherDesign.Droid", "WeatherDesign\WeatherDesign.Droid\WeatherDesign.Droid.csproj", "{7EDA82FC-909F-47E8-A533-B60772F668F9}"
EndProject
Project("{FAE04EC0-301F-11D3-BF4B-00C04F79EFBC}") = "WeatherDesign.iOS", "WeatherDesign\WeatherDesign.iOS\WeatherDesign.iOS.csproj", "{C54FA239-E0FB-49B0-9C75-3601DE8D8136}"
EndProject
Project("{FAE04EC0-301F-11D3-BF4B-00C04F79EFBC}") = "WeatherDesign", "WeatherDesign\WeatherDesign\WeatherDesign.csproj", "{8C327ABC-AD3D-4D46-8E81-D08E833DF148}"
EndProject
Global
	GlobalSection(SolutionConfigurationPlatforms) = preSolution
		Ad-Hoc|Any CPU = Ad-Hoc|Any CPU
		Ad-Hoc|ARM = Ad-Hoc|ARM
		Ad-Hoc|iPhone = Ad-Hoc|iPhone
		Ad-Hoc|iPhoneSimulator = Ad-Hoc|iPhoneSimulator
		Ad-Hoc|x64 = Ad-Hoc|x64
		Ad-Hoc|x86 = Ad-Hoc|x86
		AppStore|Any CPU = AppStore|Any CPU
		AppStore|ARM = AppStore|ARM
		AppStore|iPhone = AppStore|iPhone
		AppStore|iPhoneSimulator = AppStore|iPhoneSimulator
		AppStore|x64 = AppStore|x64
		AppStore|x86 = AppStore|x86
		Debug|Any CPU = Debug|Any CPU
		Debug|ARM = Debug|ARM
		Debug|iPhone = Debug|iPhone
		Debug|iPhoneSimulator = Debug|iPhoneSimulator
		Debug|x64 = Debug|x64
		Debug|x86 = Debug|x86
		Release|Any CPU = Release|Any CPU
		Release|ARM = Release|ARM
		Release|iPhone = Release|iPhone
		Release|iPhoneSimulator = Release|iPhoneSimulator
		Release|x64 = Release|x64
		Release|x86 = Release|x86
	EndGlobalSection
	GlobalSection(ProjectConfigurationPlatforms) = postSolution
		{7EDA82FC-909F-47E8-A533-B60772F668F9}.Ad-Hoc|Any CPU.ActiveCfg = Release|Any CPU
		{7EDA82FC-909F-47E8-A533-B60772F668F9}.Ad-Hoc|Any CPU.Build.0 = Release|Any CPU
		{7EDA82FC-909F-47E8-A533-B60772F668F9}.Ad-Hoc|Any CPU.Deploy.0 = Release|Any CPU
		{7EDA82FC-909F-47E8-A533-B60772F668F9}.Ad-Hoc|ARM.ActiveCfg = Release|Any CPU
		{7EDA82FC-909F-47E8-A533-B60772F668F9}.Ad-Hoc|ARM.Build.0 = Release|Any CPU
		{7EDA82FC-909F-47E8-A533-B60772F668F9}.Ad-Hoc|ARM.Deploy.0 = Release|Any CPU
		{7EDA82FC-909F-47E8-A533-B60772F668F9}.Ad-Hoc|iPhone.ActiveCfg = Release|Any CPU
		{7EDA82FC-909F-47E8-A533-B60772F668F9}.Ad-Hoc|iPhone.Build.0 = Release|Any CPU
		{7EDA82FC-909F-47E8-A533-B60772F668F9}.Ad-Hoc|iPhone.Deploy.0 = Release|Any CPU
		{7EDA82FC-909F-47E8-A533-B60772F668F9}.Ad-Hoc|iPhoneSimulator.ActiveCfg = Release|Any CPU
		{7EDA82FC-909F-47E8-A533-B60772F668F9}.Ad-Hoc|iPhoneSimulator.Build.0 = Release|Any CPU
		{7EDA82FC-909F-47E8-A533-B60772F668F9}.Ad-Hoc|iPhoneSimulator.Deploy.0 = Release|Any CPU
		{7EDA82FC-909F-47E8-A533-B60772F668F9}.Ad-Hoc|x64.ActiveCfg = Release|Any CPU
		{7EDA82FC-909F-47E8-A533-B60772F668F9}.Ad-Hoc|x64.Build.0 = Release|Any CPU
		{7EDA82FC-909F-47E8-A533-B60772F668F9}.Ad-Hoc|x64.Deploy.0 = Release|Any CPU
		{7EDA82FC-909F-47E8-A533-B60772F668F9}.Ad-Hoc|x86.ActiveCfg = Release|Any CPU
		{7EDA82FC-909F-47E8-A533-B60772F668F9}.Ad-Hoc|x86.Build.0 = Release|Any CPU
		{7EDA82FC-909F-47E8-A533-B60772F668F9}.Ad-Hoc|x86.Deploy.0 = Release|Any CPU
		{7EDA82FC-909F-47E8-A533-B60772F668F9}.AppStore|Any CPU.ActiveCfg = Release|Any CPU
		{7EDA82FC-909F-47E8-A533-B60772F668F9}.AppStore|Any CPU.Build.0 = Release|Any CPU
		{7EDA82FC-909F-47E8-A533-B60772F668F9}.AppStore|Any CPU.Deploy.0 = Release|Any CPU
		{7EDA82FC-909F-47E8-A533-B60772F668F9}.AppStore|ARM.ActiveCfg = Release|Any CPU
		{7EDA82FC-909F-47E8-A533-B60772F668F9}.AppStore|ARM.Build.0 = Release|Any CPU
		{7EDA82FC-909F-47E8-A533-B60772F668F9}.AppStore|ARM.Deploy.0 = Release|Any CPU
		{7EDA82FC-909F-47E8-A533-B60772F668F9}.AppStore|iPhone.ActiveCfg = Release|Any CPU
		{7EDA82FC-909F-47E8-A533-B60772F668F9}.AppStore|iPhone.Build.0 = Release|Any CPU
		{7EDA82FC-909F-47E8-A533-B60772F668F9}.AppStore|iPhone.Deploy.0 = Release|Any CPU
		{7EDA82FC-909F-47E8-A533-B60772F668F9}.AppStore|iPhoneSimulator.ActiveCfg = Release|Any CPU
		{7EDA82FC-909F-47E8-A533-B60772F668F9}.AppStore|iPhoneSimulator.Build.0 = Release|Any CPU
		{7EDA82FC-909F-47E8-A533-B60772F668F9}.AppStore|iPhoneSimulator.Deploy.0 = Release|Any CPU
		{7EDA82FC-909F-47E8-A533-B60772F668F9}.AppStore|x64.ActiveCfg = Release|Any CPU
		{7EDA82FC-909F-47E8-A533-B60772F668F9}.AppStore|x64.Build.0 = Release|Any CPU
		{7EDA82FC-909F-47E8-A533-B60772F668F9}.AppStore|x64.Deploy.0 = Release|Any CPU
		{7EDA82FC-909F-47E8-A533-B60772F668F9}.AppStore|x86.ActiveCfg = Release|Any CPU
		{7EDA82FC-909F-47E8-A533-B60772F668F9}.AppStore|x86.Build.0 = Release|Any CPU
		{7EDA82FC-909F-47E8-A533-B60772F668F9}.AppStore|x86.Deploy.0 = Release|Any CPU
		{7EDA82FC-909F-47E8-A533-B60772F668F9}.Debug|Any CPU.ActiveCfg = Debug|Any CPU
		{7EDA82FC-909F-47E8-A533-B60772F668F9}.Debug|Any CPU.Build.0 = Debug|Any CPU
		{7EDA82FC-909F-47E8-A533-B60772F668F9}.Debug|Any CPU.Deploy.0 = Debug|Any CPU
		{7EDA82FC-909F-47E8-A533-B60772F668F9}.Debug|ARM.ActiveCfg = Debug|Any CPU
		{7EDA82FC-909F-47E8-A533-B60772F668F9}.Debug|ARM.Build.0 = Debug|Any CPU
		{7EDA82FC-909F-47E8-A533-B60772F668F9}.Debug|ARM.Deploy.0 = Debug|Any CPU
		{7EDA82FC-909F-47E8-A533-B60772F668F9}.Debug|iPhone.ActiveCfg = Debug|Any CPU
		{7EDA82FC-909F-47E8-A533-B60772F668F9}.Debug|iPhone.Build.0 = Debug|Any CPU
		{7EDA82FC-909F-47E8-A533-B60772F668F9}.Debug|iPhone.Deploy.0 = Debug|Any CPU
		{7EDA82FC-909F-47E8-A533-B60772F668F9}.Debug|iPhoneSimulator.ActiveCfg = Debug|Any CPU
		{7EDA82FC-909F-47E8-A533-B60772F668F9}.Debug|iPhoneSimulator.Build.0 = Debug|Any CPU
		{7EDA82FC-909F-47E8-A533-B60772F668F9}.Debug|iPhoneSimulator.Deploy.0 = Debug|Any CPU
		{7EDA82FC-909F-47E8-A533-B60772F668F9}.Debug|x64.ActiveCfg = Debug|Any CPU
		{7EDA82FC-909F-47E8-A533-B60772F668F9}.Debug|x64.Build.0 = Debug|Any CPU
		{7EDA82FC-909F-47E8-A533-B60772F668F9}.Debug|x64.Deploy.0 = Debug|Any CPU
		{7EDA82FC-909F-47E8-A533-B60772F668F9}.Debug|x86.ActiveCfg = Debug|Any CPU
		{7EDA82FC-909F-47E8-A533-B60772F668F9}.Debug|x86.Build.0 = Debug|Any CPU
		{7EDA82FC-909F-47E8-A533-B60772F668F9}.Debug|x86.Deploy.0 = Debug|Any CPU
		{7EDA82FC-909F-47E8-A533-B60772F668F9}.Release|Any CPU.ActiveCfg = Release|Any CPU
		{7EDA82FC-909F-47E8-A533-B60772F668F9}.Release|Any CPU.Build.0 = Release|Any CPU
		{7EDA82FC-909F-47E8-A533-B60772F668F9}.Release|Any CPU.Deploy.0 = Release|Any CPU
		{7EDA82FC-909F-47E8-A533-B60772F668F9}.Release|ARM.ActiveCfg = Release|Any CPU
		{7EDA82FC-909F-47E8-A533-B60772F668F9}.Release|ARM.Build.0 = Release|Any CPU
		{7EDA82FC-909F-47E8-A533-B60772F668F9}.Release|ARM.Deploy.0 = Release|Any CPU
		{7EDA82FC-909F-47E8-A533-B60772F668F9}.Release|iPhone.ActiveCfg = Release|Any CPU
		{7EDA82FC-909F-47E8-A533-B60772F668F9}.Release|iPhone.Build.0 = Release|Any CPU
		{7EDA82FC-909F-47E8-A533-B60772F668F9}.Release|iPhone.Deploy.0 = Release|Any CPU
		{7EDA82FC-909F-47E8-A533-B60772F668F9}.Release|iPhoneSimulator.ActiveCfg = Release|Any CPU
		{7EDA82FC-909F-47E8-A533-B60772F668F9}.Release|iPhoneSimulator.Build.0 = Release|Any CPU
		{7EDA82FC-909F-47E8-A533-B60772F668F9}.Release|iPhoneSimulator.Deploy.0 = Release|Any CPU
		{7EDA82FC-909F-47E8-A533-B60772F668F9}.Release|x64.ActiveCfg = Release|Any CPU
		{7EDA82FC-909F-47E8-A533-B60772F668F9}.Release|x64.Build.0 = Release|Any CPU
		{7EDA82FC-909F-47E8-A533-B60772F668F9}.Release|x64.Deploy.0 = Release|Any CPU
		{7EDA82FC-909F-47E8-A533-B60772F668F9}.Release|x86.ActiveCfg = Release|Any CPU
		{7EDA82FC-909F-47E8-A533-B60772F668F9}.Release|x86.Build.0 = Release|Any CPU
		{7EDA82FC-909F-47E8-A533-B60772F668F9}.Release|x86.Deploy.0 = Release|Any CPU
		{C54FA239-E0FB-49B0-9C75-3601DE8D8136}.Ad-Hoc|Any CPU.ActiveCfg = Ad-Hoc|iPhone
		{C54FA239-E0FB-49B0-9C75-3601DE8D8136}.Ad-Hoc|ARM.ActiveCfg = Ad-Hoc|iPhone
		{C54FA239-E0FB-49B0-9C75-3601DE8D8136}.Ad-Hoc|iPhone.ActiveCfg = Ad-Hoc|iPhone
		{C54FA239-E0FB-49B0-9C75-3601DE8D8136}.Ad-Hoc|iPhone.Build.0 = Ad-Hoc|iPhone
		{C54FA239-E0FB-49B0-9C75-3601DE8D8136}.Ad-Hoc|iPhoneSimulator.ActiveCfg = Ad-Hoc|iPhoneSimulator
		{C54FA239-E0FB-49B0-9C75-3601DE8D8136}.Ad-Hoc|iPhoneSimulator.Build.0 = Ad-Hoc|iPhoneSimulator
		{C54FA239-E0FB-49B0-9C75-3601DE8D8136}.Ad-Hoc|x64.ActiveCfg = Ad-Hoc|iPhone
		{C54FA239-E0FB-49B0-9C75-3601DE8D8136}.Ad-Hoc|x86.ActiveCfg = Ad-Hoc|iPhone
		{C54FA239-E0FB-49B0-9C75-3601DE8D8136}.AppStore|Any CPU.ActiveCfg = AppStore|iPhone
		{C54FA239-E0FB-49B0-9C75-3601DE8D8136}.AppStore|ARM.ActiveCfg = AppStore|iPhone
		{C54FA239-E0FB-49B0-9C75-3601DE8D8136}.AppStore|iPhone.ActiveCfg = AppStore|iPhone
		{C54FA239-E0FB-49B0-9C75-3601DE8D8136}.AppStore|iPhone.Build.0 = AppStore|iPhone
		{C54FA239-E0FB-49B0-9C75-3601DE8D8136}.AppStore|iPhoneSimulator.ActiveCfg = AppStore|iPhoneSimulator
		{C54FA239-E0FB-49B0-9C75-3601DE8D8136}.AppStore|iPhoneSimulator.Build.0 = AppStore|iPhoneSimulator
		{C54FA239-E0FB-49B0-9C75-3601DE8D8136}.AppStore|x64.ActiveCfg = AppStore|iPhone
		{C54FA239-E0FB-49B0-9C75-3601DE8D8136}.AppStore|x86.ActiveCfg = AppStore|iPhone
		{C54FA239-E0FB-49B0-9C75-3601DE8D8136}.Debug|Any CPU.ActiveCfg = Debug|iPhone
		{C54FA239-E0FB-49B0-9C75-3601DE8D8136}.Debug|ARM.ActiveCfg = Debug|iPhone
		{C54FA239-E0FB-49B0-9C75-3601DE8D8136}.Debug|iPhone.ActiveCfg = Debug|iPhone
		{C54FA239-E0FB-49B0-9C75-3601DE8D8136}.Debug|iPhone.Build.0 = Debug|iPhone
		{C54FA239-E0FB-49B0-9C75-3601DE8D8136}.Debug|iPhoneSimulator.ActiveCfg = Debug|iPhoneSimulator
		{C54FA239-E0FB-49B0-9C75-3601DE8D8136}.Debug|iPhoneSimulator.Build.0 = Debug|iPhoneSimulator
		{C54FA239-E0FB-49B0-9C75-3601DE8D8136}.Debug|x64.ActiveCfg = Debug|iPhone
		{C54FA239-E0FB-49B0-9C75-3601DE8D8136}.Debug|x86.ActiveCfg = Debug|iPhone
		{C54FA239-E0FB-49B0-9C75-3601DE8D8136}.Release|Any CPU.ActiveCfg = Release|iPhone
		{C54FA239-E0FB-49B0-9C75-3601DE8D8136}.Release|ARM.ActiveCfg = Release|iPhone
		{C54FA239-E0FB-49B0-9C75-3601DE8D8136}.Release|iPhone.ActiveCfg = Release|iPhone
		{C54FA239-E0FB-49B0-9C75-3601DE8D8136}.Release|iPhone.Build.0 = Release|iPhone
		{C54FA239-E0FB-49B0-9C75-3601DE8D8136}.Release|iPhoneSimulator.ActiveCfg = Release|iPhoneSimulator
		{C54FA239-E0FB-49B0-9C75-3601DE8D8136}.Release|iPhoneSimulator.Build.0 = Release|iPhoneSimulator
		{C54FA239-E0FB-49B0-9C75-3601DE8D8136}.Release|x64.ActiveCfg = Release|iPhone
		{C54FA239-E0FB-49B0-9C75-3601DE8D8136}.Release|x86.ActiveCfg = Release|iPhone
		{8C327ABC-AD3D-4D46-8E81-D08E833DF148}.Ad-Hoc|Any CPU.ActiveCfg = Release|Any CPU
		{8C327ABC-AD3D-4D46-8E81-D08E833DF148}.Ad-Hoc|Any CPU.Build.0 = Release|Any CPU
		{8C327ABC-AD3D-4D46-8E81-D08E833DF148}.Ad-Hoc|ARM.ActiveCfg = Release|Any CPU
		{8C327ABC-AD3D-4D46-8E81-D08E833DF148}.Ad-Hoc|ARM.Build.0 = Release|Any CPU
		{8C327ABC-AD3D-4D46-8E81-D08E833DF148}.Ad-Hoc|iPhone.ActiveCfg = Release|Any CPU
		{8C327ABC-AD3D-4D46-8E81-D08E833DF148}.Ad-Hoc|iPhone.Build.0 = Release|Any CPU
		{8C327ABC-AD3D-4D46-8E81-D08E833DF148}.Ad-Hoc|iPhoneSimulator.ActiveCfg = Release|Any CPU
		{8C327ABC-AD3D-4D46-8E81-D08E833DF148}.Ad-Hoc|iPhoneSimulator.Build.0 = Release|Any CPU
		{8C327ABC-AD3D-4D46-8E81-D08E833DF148}.Ad-Hoc|x64.ActiveCfg = Release|Any CPU
		{8C327ABC-AD3D-4D46-8E81-D08E833DF148}.Ad-Hoc|x64.Build.0 = Release|Any CPU
		{8C327ABC-AD3D-4D46-8E81-D08E833DF148}.Ad-Hoc|x86.ActiveCfg = Release|Any CPU
		{8C327ABC-AD3D-4D46-8E81-D08E833DF148}.Ad-Hoc|x86.Build.0 = Release|Any CPU
		{8C327ABC-AD3D-4D46-8E81-D08E833DF148}.AppStore|Any CPU.ActiveCfg = Release|Any CPU
		{8C327ABC-AD3D-4D46-8E81-D08E833DF148}.AppStore|Any CPU.Build.0 = Release|Any CPU
		{8C327ABC-AD3D-4D46-8E81-D08E833DF148}.AppStore|ARM.ActiveCfg = Release|Any CPU
		{8C327ABC-AD3D-4D46-8E81-D08E833DF148}.AppStore|ARM.Build.0 = Release|Any CPU
		{8C327ABC-AD3D-4D46-8E81-D08E833DF148}.AppStore|iPhone.ActiveCfg = Release|Any CPU
		{8C327ABC-AD3D-4D46-8E81-D08E833DF148}.AppStore|iPhone.Build.0 = Release|Any CPU
		{8C327ABC-AD3D-4D46-8E81-D08E833DF148}.AppStore|iPhoneSimulator.ActiveCfg = Release|Any CPU
		{8C327ABC-AD3D-4D46-8E81-D08E833DF148}.AppStore|iPhoneSimulator.Build.0 = Release|Any CPU
		{8C327ABC-AD3D-4D46-8E81-D08E833DF148}.AppStore|x64.ActiveCfg = Release|Any CPU
		{8C327ABC-AD3D-4D46-8E81-D08E833DF148}.AppStore|x64.Build.0 = Release|Any CPU
		{8C327ABC-AD3D-4D46-8E81-D08E833DF148}.AppStore|x86.ActiveCfg = Release|Any CPU
		{8C327ABC-AD3D-4D46-8E81-D08E833DF148}.AppStore|x86.Build.0 = Release|Any CPU
		{8C327ABC-AD3D-4D46-8E81-D08E833DF148}.Debug|Any CPU.ActiveCfg = Debug|Any CPU
		{8C327ABC-AD3D-4D46-8E81-D08E833DF148}.Debug|Any CPU.Build.0 = Debug|Any CPU
		{8C327ABC-AD3D-4D46-8E81-D08E833DF148}.Debug|ARM.ActiveCfg = Debug|Any CPU
		{8C327ABC-AD3D-4D46-8E81-D08E833DF148}.Debug|ARM.Build.0 = Debug|Any CPU
		{8C327ABC-AD3D-4D46-8E81-D08E833DF148}.Debug|iPhone.ActiveCfg = Debug|Any CPU
		{8C327ABC-AD3D-4D46-8E81-D08E833DF148}.Debug|iPhone.Build.0 = Debug|Any CPU
		{8C327ABC-AD3D-4D46-8E81-D08E833DF148}.Debug|iPhoneSimulator.ActiveCfg = Debug|Any CPU
		{8C327ABC-AD3D-4D46-8E81-D08E833DF148}.Debug|iPhoneSimulator.Build.0 = Debug|Any CPU
		{8C327ABC-AD3D-4D46-8E81-D08E833DF148}.Debug|x64.ActiveCfg = Debug|Any CPU
		{8C327ABC-AD3D-4D46-8E81-D08E833DF148}.Debug|x64.Build.0 = Debug|Any CPU
		{8C327ABC-AD3D-4D46-8E81-D08E833DF148}.Debug|x86.ActiveCfg = Debug|Any CPU
		{8C327ABC-AD3D-4D46-8E81-D08E833DF148}.Debug|x86.Build.0 = Debug|Any CPU
		{8C327ABC-AD3D-4D46-8E81-D08E833DF148}.Release|Any CPU.ActiveCfg = Release|Any CPU
		{8C327ABC-AD3D-4D46-8E81-D08E833DF148}.Release|Any CPU.Build.0 = Release|Any CPU
		{8C327ABC-AD3D-4D46-8E81-D08E833DF148}.Release|ARM.ActiveCfg = Release|Any CPU
		{8C327ABC-AD3D-4D46-8E81-D08E833DF148}.Release|ARM.Build.0 = Release|Any CPU
		{8C327ABC-AD3D-4D46-8E81-D08E833DF148}.Release|iPhone.ActiveCfg = Release|Any CPU
		{8C327ABC-AD3D-4D46-8E81-D08E833DF148}.Release|iPhone.Build.0 = Release|Any CPU
		{8C327ABC-AD3D-4D46-8E81-D08E833DF148}.Release|iPhoneSimulator.ActiveCfg = Release|Any CPU
		{8C327ABC-AD3D-4D46-8E81-D08E833DF148}.Release|iPhoneSimulator.Build.0 = Release|Any CPU
		{8C327ABC-AD3D-4D46-8E81-D08E833DF148}.Release|x64.ActiveCfg = Release|Any CPU
		{8C327ABC-AD3D-4D46-8E81-D08E833DF148}.Release|x64.Build.0 = Release|Any CPU
		{8C327ABC-AD3D-4D46-8E81-D08E833DF148}.Release|x86.ActiveCfg = Release|Any CPU
		{8C327ABC-AD3D-4D46-8E81-D08E833DF148}.Release|x86.Build.0 = Release|Any CPU
	EndGlobalSection
	GlobalSection(SolutionProperties) = preSolution
		HideSolutionNode = FALSE
	EndGlobalSection
EndGlobal
