
Microsoft Visual Studio Solution File, Format Version 12.00
# Visual Studio 14
VisualStudioVersion = 14.0.25420.1
MinimumVisualStudioVersion = 10.0.40219.1
Project("{FAE04EC0-301F-11D3-BF4B-00C04F79EFBC}") = "ListViewExample2.Droid", "ListViewExample2\ListViewExample2.Droid\ListViewExample2.Droid.csproj", "{CD887965-F4C7-4C52-B491-E5D33B1B4223}"
EndProject
Project("{FAE04EC0-301F-11D3-BF4B-00C04F79EFBC}") = "ListViewExample2.iOS", "ListViewExample2\ListViewExample2.iOS\ListViewExample2.iOS.csproj", "{601A397E-5A5A-42BD-BD01-48A7FE09BAB6}"
EndProject
Project("{FAE04EC0-301F-11D3-BF4B-00C04F79EFBC}") = "ListViewExample2", "ListViewExample2\ListViewExample2\ListViewExample2.csproj", "{104C4843-46A4-4277-B136-C752E4BE9D74}"
EndProject
Global
	GlobalSection(SolutionConfigurationPlatforms) = preSolution
		Ad-Hoc|Any CPU = Ad-Hoc|Any CPU
		Ad-Hoc|ARM = Ad-Hoc|ARM
		Ad-Hoc|iPhone = Ad-Hoc|iPhone
		Ad-Hoc|iPhoneSimulator = Ad-Hoc|iPhoneSimulator
		Ad-Hoc|x64 = Ad-Hoc|x64
		Ad-Hoc|x86 = Ad-Hoc|x86
		AppStore|Any CPU = AppStore|Any CPU
		AppStore|ARM = AppStore|ARM
		AppStore|iPhone = AppStore|iPhone
		AppStore|iPhoneSimulator = AppStore|iPhoneSimulator
		AppStore|x64 = AppStore|x64
		AppStore|x86 = AppStore|x86
		Debug|Any CPU = Debug|Any CPU
		Debug|ARM = Debug|ARM
		Debug|iPhone = Debug|iPhone
		Debug|iPhoneSimulator = Debug|iPhoneSimulator
		Debug|x64 = Debug|x64
		Debug|x86 = Debug|x86
		Release|Any CPU = Release|Any CPU
		Release|ARM = Release|ARM
		Release|iPhone = Release|iPhone
		Release|iPhoneSimulator = Release|iPhoneSimulator
		Release|x64 = Release|x64
		Release|x86 = Release|x86
	EndGlobalSection
	GlobalSection(ProjectConfigurationPlatforms) = postSolution
		{CD887965-F4C7-4C52-B491-E5D33B1B4223}.Ad-Hoc|Any CPU.ActiveCfg = Release|Any CPU
		{CD887965-F4C7-4C52-B491-E5D33B1B4223}.Ad-Hoc|Any CPU.Build.0 = Release|Any CPU
		{CD887965-F4C7-4C52-B491-E5D33B1B4223}.Ad-Hoc|Any CPU.Deploy.0 = Release|Any CPU
		{CD887965-F4C7-4C52-B491-E5D33B1B4223}.Ad-Hoc|ARM.ActiveCfg = Release|Any CPU
		{CD887965-F4C7-4C52-B491-E5D33B1B4223}.Ad-Hoc|ARM.Build.0 = Release|Any CPU
		{CD887965-F4C7-4C52-B491-E5D33B1B4223}.Ad-Hoc|ARM.Deploy.0 = Release|Any CPU
		{CD887965-F4C7-4C52-B491-E5D33B1B4223}.Ad-Hoc|iPhone.ActiveCfg = Release|Any CPU
		{CD887965-F4C7-4C52-B491-E5D33B1B4223}.Ad-Hoc|iPhone.Build.0 = Release|Any CPU
		{CD887965-F4C7-4C52-B491-E5D33B1B4223}.Ad-Hoc|iPhone.Deploy.0 = Release|Any CPU
		{CD887965-F4C7-4C52-B491-E5D33B1B4223}.Ad-Hoc|iPhoneSimulator.ActiveCfg = Release|Any CPU
		{CD887965-F4C7-4C52-B491-E5D33B1B4223}.Ad-Hoc|iPhoneSimulator.Build.0 = Release|Any CPU
		{CD887965-F4C7-4C52-B491-E5D33B1B4223}.Ad-Hoc|iPhoneSimulator.Deploy.0 = Release|Any CPU
		{CD887965-F4C7-4C52-B491-E5D33B1B4223}.Ad-Hoc|x64.ActiveCfg = Release|Any CPU
		{CD887965-F4C7-4C52-B491-E5D33B1B4223}.Ad-Hoc|x64.Build.0 = Release|Any CPU
		{CD887965-F4C7-4C52-B491-E5D33B1B4223}.Ad-Hoc|x64.Deploy.0 = Release|Any CPU
		{CD887965-F4C7-4C52-B491-E5D33B1B4223}.Ad-Hoc|x86.ActiveCfg = Release|Any CPU
		{CD887965-F4C7-4C52-B491-E5D33B1B4223}.Ad-Hoc|x86.Build.0 = Release|Any CPU
		{CD887965-F4C7-4C52-B491-E5D33B1B4223}.Ad-Hoc|x86.Deploy.0 = Release|Any CPU
		{CD887965-F4C7-4C52-B491-E5D33B1B4223}.AppStore|Any CPU.ActiveCfg = Release|Any CPU
		{CD887965-F4C7-4C52-B491-E5D33B1B4223}.AppStore|Any CPU.Build.0 = Release|Any CPU
		{CD887965-F4C7-4C52-B491-E5D33B1B4223}.AppStore|Any CPU.Deploy.0 = Release|Any CPU
		{CD887965-F4C7-4C52-B491-E5D33B1B4223}.AppStore|ARM.ActiveCfg = Release|Any CPU
		{CD887965-F4C7-4C52-B491-E5D33B1B4223}.AppStore|ARM.Build.0 = Release|Any CPU
		{CD887965-F4C7-4C52-B491-E5D33B1B4223}.AppStore|ARM.Deploy.0 = Release|Any CPU
		{CD887965-F4C7-4C52-B491-E5D33B1B4223}.AppStore|iPhone.ActiveCfg = Release|Any CPU
		{CD887965-F4C7-4C52-B491-E5D33B1B4223}.AppStore|iPhone.Build.0 = Release|Any CPU
		{CD887965-F4C7-4C52-B491-E5D33B1B4223}.AppStore|iPhone.Deploy.0 = Release|Any CPU
		{CD887965-F4C7-4C52-B491-E5D33B1B4223}.AppStore|iPhoneSimulator.ActiveCfg = Release|Any CPU
		{CD887965-F4C7-4C52-B491-E5D33B1B4223}.AppStore|iPhoneSimulator.Build.0 = Release|Any CPU
		{CD887965-F4C7-4C52-B491-E5D33B1B4223}.AppStore|iPhoneSimulator.Deploy.0 = Release|Any CPU
		{CD887965-F4C7-4C52-B491-E5D33B1B4223}.AppStore|x64.ActiveCfg = Release|Any CPU
		{CD887965-F4C7-4C52-B491-E5D33B1B4223}.AppStore|x64.Build.0 = Release|Any CPU
		{CD887965-F4C7-4C52-B491-E5D33B1B4223}.AppStore|x64.Deploy.0 = Release|Any CPU
		{CD887965-F4C7-4C52-B491-E5D33B1B4223}.AppStore|x86.ActiveCfg = Release|Any CPU
		{CD887965-F4C7-4C52-B491-E5D33B1B4223}.AppStore|x86.Build.0 = Release|Any CPU
		{CD887965-F4C7-4C52-B491-E5D33B1B4223}.AppStore|x86.Deploy.0 = Release|Any CPU
		{CD887965-F4C7-4C52-B491-E5D33B1B4223}.Debug|Any CPU.ActiveCfg = Debug|Any CPU
		{CD887965-F4C7-4C52-B491-E5D33B1B4223}.Debug|Any CPU.Build.0 = Debug|Any CPU
		{CD887965-F4C7-4C52-B491-E5D33B1B4223}.Debug|Any CPU.Deploy.0 = Debug|Any CPU
		{CD887965-F4C7-4C52-B491-E5D33B1B4223}.Debug|ARM.ActiveCfg = Debug|Any CPU
		{CD887965-F4C7-4C52-B491-E5D33B1B4223}.Debug|ARM.Build.0 = Debug|Any CPU
		{CD887965-F4C7-4C52-B491-E5D33B1B4223}.Debug|ARM.Deploy.0 = Debug|Any CPU
		{CD887965-F4C7-4C52-B491-E5D33B1B4223}.Debug|iPhone.ActiveCfg = Debug|Any CPU
		{CD887965-F4C7-4C52-B491-E5D33B1B4223}.Debug|iPhone.Build.0 = Debug|Any CPU
		{CD887965-F4C7-4C52-B491-E5D33B1B4223}.Debug|iPhone.Deploy.0 = Debug|Any CPU
		{CD887965-F4C7-4C52-B491-E5D33B1B4223}.Debug|iPhoneSimulator.ActiveCfg = Debug|Any CPU
		{CD887965-F4C7-4C52-B491-E5D33B1B4223}.Debug|iPhoneSimulator.Build.0 = Debug|Any CPU
		{CD887965-F4C7-4C52-B491-E5D33B1B4223}.Debug|iPhoneSimulator.Deploy.0 = Debug|Any CPU
		{CD887965-F4C7-4C52-B491-E5D33B1B4223}.Debug|x64.ActiveCfg = Debug|Any CPU
		{CD887965-F4C7-4C52-B491-E5D33B1B4223}.Debug|x64.Build.0 = Debug|Any CPU
		{CD887965-F4C7-4C52-B491-E5D33B1B4223}.Debug|x64.Deploy.0 = Debug|Any CPU
		{CD887965-F4C7-4C52-B491-E5D33B1B4223}.Debug|x86.ActiveCfg = Debug|Any CPU
		{CD887965-F4C7-4C52-B491-E5D33B1B4223}.Debug|x86.Build.0 = Debug|Any CPU
		{CD887965-F4C7-4C52-B491-E5D33B1B4223}.Debug|x86.Deploy.0 = Debug|Any CPU
		{CD887965-F4C7-4C52-B491-E5D33B1B4223}.Release|Any CPU.ActiveCfg = Release|Any CPU
		{CD887965-F4C7-4C52-B491-E5D33B1B4223}.Release|Any CPU.Build.0 = Release|Any CPU
		{CD887965-F4C7-4C52-B491-E5D33B1B4223}.Release|Any CPU.Deploy.0 = Release|Any CPU
		{CD887965-F4C7-4C52-B491-E5D33B1B4223}.Release|ARM.ActiveCfg = Release|Any CPU
		{CD887965-F4C7-4C52-B491-E5D33B1B4223}.Release|ARM.Build.0 = Release|Any CPU
		{CD887965-F4C7-4C52-B491-E5D33B1B4223}.Release|ARM.Deploy.0 = Release|Any CPU
		{CD887965-F4C7-4C52-B491-E5D33B1B4223}.Release|iPhone.ActiveCfg = Release|Any CPU
		{CD887965-F4C7-4C52-B491-E5D33B1B4223}.Release|iPhone.Build.0 = Release|Any CPU
		{CD887965-F4C7-4C52-B491-E5D33B1B4223}.Release|iPhone.Deploy.0 = Release|Any CPU
		{CD887965-F4C7-4C52-B491-E5D33B1B4223}.Release|iPhoneSimulator.ActiveCfg = Release|Any CPU
		{CD887965-F4C7-4C52-B491-E5D33B1B4223}.Release|iPhoneSimulator.Build.0 = Release|Any CPU
		{CD887965-F4C7-4C52-B491-E5D33B1B4223}.Release|iPhoneSimulator.Deploy.0 = Release|Any CPU
		{CD887965-F4C7-4C52-B491-E5D33B1B4223}.Release|x64.ActiveCfg = Release|Any CPU
		{CD887965-F4C7-4C52-B491-E5D33B1B4223}.Release|x64.Build.0 = Release|Any CPU
		{CD887965-F4C7-4C52-B491-E5D33B1B4223}.Release|x64.Deploy.0 = Release|Any CPU
		{CD887965-F4C7-4C52-B491-E5D33B1B4223}.Release|x86.ActiveCfg = Release|Any CPU
		{CD887965-F4C7-4C52-B491-E5D33B1B4223}.Release|x86.Build.0 = Release|Any CPU
		{CD887965-F4C7-4C52-B491-E5D33B1B4223}.Release|x86.Deploy.0 = Release|Any CPU
		{601A397E-5A5A-42BD-BD01-48A7FE09BAB6}.Ad-Hoc|Any CPU.ActiveCfg = Ad-Hoc|iPhone
		{601A397E-5A5A-42BD-BD01-48A7FE09BAB6}.Ad-Hoc|ARM.ActiveCfg = Ad-Hoc|iPhone
		{601A397E-5A5A-42BD-BD01-48A7FE09BAB6}.Ad-Hoc|iPhone.ActiveCfg = Ad-Hoc|iPhone
		{601A397E-5A5A-42BD-BD01-48A7FE09BAB6}.Ad-Hoc|iPhone.Build.0 = Ad-Hoc|iPhone
		{601A397E-5A5A-42BD-BD01-48A7FE09BAB6}.Ad-Hoc|iPhoneSimulator.ActiveCfg = Ad-Hoc|iPhoneSimulator
		{601A397E-5A5A-42BD-BD01-48A7FE09BAB6}.Ad-Hoc|iPhoneSimulator.Build.0 = Ad-Hoc|iPhoneSimulator
		{601A397E-5A5A-42BD-BD01-48A7FE09BAB6}.Ad-Hoc|x64.ActiveCfg = Ad-Hoc|iPhone
		{601A397E-5A5A-42BD-BD01-48A7FE09BAB6}.Ad-Hoc|x86.ActiveCfg = Ad-Hoc|iPhone
		{601A397E-5A5A-42BD-BD01-48A7FE09BAB6}.AppStore|Any CPU.ActiveCfg = AppStore|iPhone
		{601A397E-5A5A-42BD-BD01-48A7FE09BAB6}.AppStore|ARM.ActiveCfg = AppStore|iPhone
		{601A397E-5A5A-42BD-BD01-48A7FE09BAB6}.AppStore|iPhone.ActiveCfg = AppStore|iPhone
		{601A397E-5A5A-42BD-BD01-48A7FE09BAB6}.AppStore|iPhone.Build.0 = AppStore|iPhone
		{601A397E-5A5A-42BD-BD01-48A7FE09BAB6}.AppStore|iPhoneSimulator.ActiveCfg = AppStore|iPhoneSimulator
		{601A397E-5A5A-42BD-BD01-48A7FE09BAB6}.AppStore|iPhoneSimulator.Build.0 = AppStore|iPhoneSimulator
		{601A397E-5A5A-42BD-BD01-48A7FE09BAB6}.AppStore|x64.ActiveCfg = AppStore|iPhone
		{601A397E-5A5A-42BD-BD01-48A7FE09BAB6}.AppStore|x86.ActiveCfg = AppStore|iPhone
		{601A397E-5A5A-42BD-BD01-48A7FE09BAB6}.Debug|Any CPU.ActiveCfg = Debug|iPhone
		{601A397E-5A5A-42BD-BD01-48A7FE09BAB6}.Debug|ARM.ActiveCfg = Debug|iPhone
		{601A397E-5A5A-42BD-BD01-48A7FE09BAB6}.Debug|iPhone.ActiveCfg = Debug|iPhone
		{601A397E-5A5A-42BD-BD01-48A7FE09BAB6}.Debug|iPhone.Build.0 = Debug|iPhone
		{601A397E-5A5A-42BD-BD01-48A7FE09BAB6}.Debug|iPhoneSimulator.ActiveCfg = Debug|iPhoneSimulator
		{601A397E-5A5A-42BD-BD01-48A7FE09BAB6}.Debug|iPhoneSimulator.Build.0 = Debug|iPhoneSimulator
		{601A397E-5A5A-42BD-BD01-48A7FE09BAB6}.Debug|x64.ActiveCfg = Debug|iPhone
		{601A397E-5A5A-42BD-BD01-48A7FE09BAB6}.Debug|x86.ActiveCfg = Debug|iPhone
		{601A397E-5A5A-42BD-BD01-48A7FE09BAB6}.Release|Any CPU.ActiveCfg = Release|iPhone
		{601A397E-5A5A-42BD-BD01-48A7FE09BAB6}.Release|ARM.ActiveCfg = Release|iPhone
		{601A397E-5A5A-42BD-BD01-48A7FE09BAB6}.Release|iPhone.ActiveCfg = Release|iPhone
		{601A397E-5A5A-42BD-BD01-48A7FE09BAB6}.Release|iPhone.Build.0 = Release|iPhone
		{601A397E-5A5A-42BD-BD01-48A7FE09BAB6}.Release|iPhoneSimulator.ActiveCfg = Release|iPhoneSimulator
		{601A397E-5A5A-42BD-BD01-48A7FE09BAB6}.Release|iPhoneSimulator.Build.0 = Release|iPhoneSimulator
		{601A397E-5A5A-42BD-BD01-48A7FE09BAB6}.Release|x64.ActiveCfg = Release|iPhone
		{601A397E-5A5A-42BD-BD01-48A7FE09BAB6}.Release|x86.ActiveCfg = Release|iPhone
		{104C4843-46A4-4277-B136-C752E4BE9D74}.Ad-Hoc|Any CPU.ActiveCfg = Release|Any CPU
		{104C4843-46A4-4277-B136-C752E4BE9D74}.Ad-Hoc|Any CPU.Build.0 = Release|Any CPU
		{104C4843-46A4-4277-B136-C752E4BE9D74}.Ad-Hoc|ARM.ActiveCfg = Release|Any CPU
		{104C4843-46A4-4277-B136-C752E4BE9D74}.Ad-Hoc|ARM.Build.0 = Release|Any CPU
		{104C4843-46A4-4277-B136-C752E4BE9D74}.Ad-Hoc|iPhone.ActiveCfg = Release|Any CPU
		{104C4843-46A4-4277-B136-C752E4BE9D74}.Ad-Hoc|iPhone.Build.0 = Release|Any CPU
		{104C4843-46A4-4277-B136-C752E4BE9D74}.Ad-Hoc|iPhoneSimulator.ActiveCfg = Release|Any CPU
		{104C4843-46A4-4277-B136-C752E4BE9D74}.Ad-Hoc|iPhoneSimulator.Build.0 = Release|Any CPU
		{104C4843-46A4-4277-B136-C752E4BE9D74}.Ad-Hoc|x64.ActiveCfg = Release|Any CPU
		{104C4843-46A4-4277-B136-C752E4BE9D74}.Ad-Hoc|x64.Build.0 = Release|Any CPU
		{104C4843-46A4-4277-B136-C752E4BE9D74}.Ad-Hoc|x86.ActiveCfg = Release|Any CPU
		{104C4843-46A4-4277-B136-C752E4BE9D74}.Ad-Hoc|x86.Build.0 = Release|Any CPU
		{104C4843-46A4-4277-B136-C752E4BE9D74}.AppStore|Any CPU.ActiveCfg = Release|Any CPU
		{104C4843-46A4-4277-B136-C752E4BE9D74}.AppStore|Any CPU.Build.0 = Release|Any CPU
		{104C4843-46A4-4277-B136-C752E4BE9D74}.AppStore|ARM.ActiveCfg = Release|Any CPU
		{104C4843-46A4-4277-B136-C752E4BE9D74}.AppStore|ARM.Build.0 = Release|Any CPU
		{104C4843-46A4-4277-B136-C752E4BE9D74}.AppStore|iPhone.ActiveCfg = Release|Any CPU
		{104C4843-46A4-4277-B136-C752E4BE9D74}.AppStore|iPhone.Build.0 = Release|Any CPU
		{104C4843-46A4-4277-B136-C752E4BE9D74}.AppStore|iPhoneSimulator.ActiveCfg = Release|Any CPU
		{104C4843-46A4-4277-B136-C752E4BE9D74}.AppStore|iPhoneSimulator.Build.0 = Release|Any CPU
		{104C4843-46A4-4277-B136-C752E4BE9D74}.AppStore|x64.ActiveCfg = Release|Any CPU
		{104C4843-46A4-4277-B136-C752E4BE9D74}.AppStore|x64.Build.0 = Release|Any CPU
		{104C4843-46A4-4277-B136-C752E4BE9D74}.AppStore|x86.ActiveCfg = Release|Any CPU
		{104C4843-46A4-4277-B136-C752E4BE9D74}.AppStore|x86.Build.0 = Release|Any CPU
		{104C4843-46A4-4277-B136-C752E4BE9D74}.Debug|Any CPU.ActiveCfg = Debug|Any CPU
		{104C4843-46A4-4277-B136-C752E4BE9D74}.Debug|Any CPU.Build.0 = Debug|Any CPU
		{104C4843-46A4-4277-B136-C752E4BE9D74}.Debug|ARM.ActiveCfg = Debug|Any CPU
		{104C4843-46A4-4277-B136-C752E4BE9D74}.Debug|ARM.Build.0 = Debug|Any CPU
		{104C4843-46A4-4277-B136-C752E4BE9D74}.Debug|iPhone.ActiveCfg = Debug|Any CPU
		{104C4843-46A4-4277-B136-C752E4BE9D74}.Debug|iPhone.Build.0 = Debug|Any CPU
		{104C4843-46A4-4277-B136-C752E4BE9D74}.Debug|iPhoneSimulator.ActiveCfg = Debug|Any CPU
		{104C4843-46A4-4277-B136-C752E4BE9D74}.Debug|iPhoneSimulator.Build.0 = Debug|Any CPU
		{104C4843-46A4-4277-B136-C752E4BE9D74}.Debug|x64.ActiveCfg = Debug|Any CPU
		{104C4843-46A4-4277-B136-C752E4BE9D74}.Debug|x64.Build.0 = Debug|Any CPU
		{104C4843-46A4-4277-B136-C752E4BE9D74}.Debug|x86.ActiveCfg = Debug|Any CPU
		{104C4843-46A4-4277-B136-C752E4BE9D74}.Debug|x86.Build.0 = Debug|Any CPU
		{104C4843-46A4-4277-B136-C752E4BE9D74}.Release|Any CPU.ActiveCfg = Release|Any CPU
		{104C4843-46A4-4277-B136-C752E4BE9D74}.Release|Any CPU.Build.0 = Release|Any CPU
		{104C4843-46A4-4277-B136-C752E4BE9D74}.Release|ARM.ActiveCfg = Release|Any CPU
		{104C4843-46A4-4277-B136-C752E4BE9D74}.Release|ARM.Build.0 = Release|Any CPU
		{104C4843-46A4-4277-B136-C752E4BE9D74}.Release|iPhone.ActiveCfg = Release|Any CPU
		{104C4843-46A4-4277-B136-C752E4BE9D74}.Release|iPhone.Build.0 = Release|Any CPU
		{104C4843-46A4-4277-B136-C752E4BE9D74}.Release|iPhoneSimulator.ActiveCfg = Release|Any CPU
		{104C4843-46A4-4277-B136-C752E4BE9D74}.Release|iPhoneSimulator.Build.0 = Release|Any CPU
		{104C4843-46A4-4277-B136-C752E4BE9D74}.Release|x64.ActiveCfg = Release|Any CPU
		{104C4843-46A4-4277-B136-C752E4BE9D74}.Release|x64.Build.0 = Release|Any CPU
		{104C4843-46A4-4277-B136-C752E4BE9D74}.Release|x86.ActiveCfg = Release|Any CPU
		{104C4843-46A4-4277-B136-C752E4BE9D74}.Release|x86.Build.0 = Release|Any CPU
	EndGlobalSection
	GlobalSection(SolutionProperties) = preSolution
		HideSolutionNode = FALSE
	EndGlobalSection
EndGlobal
